PODS:
  - Flutter (1.0.0)
  - OkHi (1.9.9)
  - okhi_flutter (0.0.1):
    - Flutter
    - OkHi (= 1.9.9)
  - webview_flutter_wkwebview (0.0.1):
    - Flutter

DEPENDENCIES:
  - Flutter (from `Flutter`)
  - okhi_flutter (from `.symlinks/plugins/okhi_flutter/ios`)
  - webview_flutter_wkwebview (from `.symlinks/plugins/webview_flutter_wkwebview/ios`)

SPEC REPOS:
  trunk:
    - OkHi

EXTERNAL SOURCES:
  Flutter:
    :path: Flutter
  okhi_flutter:
    :path: ".symlinks/plugins/okhi_flutter/ios"
  webview_flutter_wkwebview:
    :path: ".symlinks/plugins/webview_flutter_wkwebview/ios"

SPEC CHECKSUMS:
  Flutter: f04841e97a9d0b0a8025694d0796dd46242b2854
  OkHi: 542da98b3c3b243763e84f0a3bea441ae8ae9a73
  okhi_flutter: e5f661cbb12483eb23ec539b537b45c31c0dd8da
  webview_flutter_wkwebview: 2e2d318f21a5e036e2c3f26171342e95908bd60a

PODFILE CHECKSUM: 7be2f5f74864d463a8ad433546ed1de7e0f29aef

COCOAPODS: 1.11.3
